
Microsoft Visual Studio Solution File, Format Version 12.00
# Visual Studio Version 17
VisualStudioVersion = 17.14.36127.28
MinimumVisualStudioVersion = 10.0.40219.1
Project("{FAE04EC0-301F-11D3-BF4B-00C04F79EFBC}") = "Tests.Domain", "tests\Tests.Domain\Tests.Domain.csproj", "{4E9635F7-1E96-4C04-8A2A-080AC7B3A537}"
EndProject
Project("{2150E333-8FDC-42A3-9474-1A3956D46DE8}") = "4-Domain", "4-Domain", "{02EA681E-C7D8-13C7-8484-4AC65E1B71E8}"
EndProject
Project("{FAE04EC0-301F-11D3-BF4B-00C04F79EFBC}") = "Domain", "src\Domain\Domain.csproj", "{D8A53A61-C425-4B60-B5C0-F49F1FF02DD3}"
EndProject
Project("{2150E333-8FDC-42A3-9474-1A3956D46DE8}") = "5-Tests", "5-Tests", "{402624D3-7FB6-466D-AECD-2DAEE2162B92}"
EndProject
Project("{2150E333-8FDC-42A3-9474-1A3956D46DE8}") = "3-Infra", "3-Infra", "{2C5B6BD0-8C86-4CF9-A1D1-8CC2E8B1236D}"
EndProject
Project("{FAE04EC0-301F-11D3-BF4B-00C04F79EFBC}") = "Infra", "src\Infra\Infra.csproj", "{BD9C4FA4-729D-4782-A9C2-9563BC91A2C0}"
EndProject
Project("{FAE04EC0-301F-11D3-BF4B-00C04F79EFBC}") = "Tests.Infra", "tests\Tests.Infra\Tests.Infra.csproj", "{D07C0B73-63EB-46F7-B830-0A264C371CF4}"
EndProject
Project("{2150E333-8FDC-42A3-9474-1A3956D46DE8}") = "2-Application", "2-Application", "{E2393C3E-A221-4A31-9955-AF82876DEF0B}"
EndProject
Project("{FAE04EC0-301F-11D3-BF4B-00C04F79EFBC}") = "Application", "src\Application\Application.csproj", "{2A4C2252-9D80-4EC0-A3F8-7517188DB64E}"
EndProject
Project("{2150E333-8FDC-42A3-9474-1A3956D46DE8}") = "1-API", "1-API", "{5CBAF71E-10E6-4489-B495-CA2C0CD50799}"
EndProject
Project("{FAE04EC0-301F-11D3-BF4B-00C04F79EFBC}") = "API", "src\API\API.csproj", "{A72F6BBB-FC2E-46B6-B34A-5EE654361896}"
EndProject
Global
	GlobalSection(SolutionConfigurationPlatforms) = preSolution
		Debug|Any CPU = Debug|Any CPU
		Release|Any CPU = Release|Any CPU
	EndGlobalSection
	GlobalSection(ProjectConfigurationPlatforms) = postSolution
		{4E9635F7-1E96-4C04-8A2A-080AC7B3A537}.Debug|Any CPU.ActiveCfg = Debug|Any CPU
		{4E9635F7-1E96-4C04-8A2A-080AC7B3A537}.Debug|Any CPU.Build.0 = Debug|Any CPU
		{4E9635F7-1E96-4C04-8A2A-080AC7B3A537}.Release|Any CPU.ActiveCfg = Release|Any CPU
		{4E9635F7-1E96-4C04-8A2A-080AC7B3A537}.Release|Any CPU.Build.0 = Release|Any CPU
		{D8A53A61-C425-4B60-B5C0-F49F1FF02DD3}.Debug|Any CPU.ActiveCfg = Debug|Any CPU
		{D8A53A61-C425-4B60-B5C0-F49F1FF02DD3}.Debug|Any CPU.Build.0 = Debug|Any CPU
		{D8A53A61-C425-4B60-B5C0-F49F1FF02DD3}.Release|Any CPU.ActiveCfg = Release|Any CPU
		{D8A53A61-C425-4B60-B5C0-F49F1FF02DD3}.Release|Any CPU.Build.0 = Release|Any CPU
		{BD9C4FA4-729D-4782-A9C2-9563BC91A2C0}.Debug|Any CPU.ActiveCfg = Debug|Any CPU
		{BD9C4FA4-729D-4782-A9C2-9563BC91A2C0}.Debug|Any CPU.Build.0 = Debug|Any CPU
		{BD9C4FA4-729D-4782-A9C2-9563BC91A2C0}.Release|Any CPU.ActiveCfg = Release|Any CPU
		{BD9C4FA4-729D-4782-A9C2-9563BC91A2C0}.Release|Any CPU.Build.0 = Release|Any CPU
		{D07C0B73-63EB-46F7-B830-0A264C371CF4}.Debug|Any CPU.ActiveCfg = Debug|Any CPU
		{D07C0B73-63EB-46F7-B830-0A264C371CF4}.Debug|Any CPU.Build.0 = Debug|Any CPU
		{D07C0B73-63EB-46F7-B830-0A264C371CF4}.Release|Any CPU.ActiveCfg = Release|Any CPU
		{D07C0B73-63EB-46F7-B830-0A264C371CF4}.Release|Any CPU.Build.0 = Release|Any CPU
		{2A4C2252-9D80-4EC0-A3F8-7517188DB64E}.Debug|Any CPU.ActiveCfg = Debug|Any CPU
		{2A4C2252-9D80-4EC0-A3F8-7517188DB64E}.Debug|Any CPU.Build.0 = Debug|Any CPU
		{2A4C2252-9D80-4EC0-A3F8-7517188DB64E}.Release|Any CPU.ActiveCfg = Release|Any CPU
		{2A4C2252-9D80-4EC0-A3F8-7517188DB64E}.Release|Any CPU.Build.0 = Release|Any CPU
		{A72F6BBB-FC2E-46B6-B34A-5EE654361896}.Debug|Any CPU.ActiveCfg = Debug|Any CPU
		{A72F6BBB-FC2E-46B6-B34A-5EE654361896}.Debug|Any CPU.Build.0 = Debug|Any CPU
		{A72F6BBB-FC2E-46B6-B34A-5EE654361896}.Release|Any CPU.ActiveCfg = Release|Any CPU
		{A72F6BBB-FC2E-46B6-B34A-5EE654361896}.Release|Any CPU.Build.0 = Release|Any CPU
	EndGlobalSection
	GlobalSection(SolutionProperties) = preSolution
		HideSolutionNode = FALSE
	EndGlobalSection
	GlobalSection(NestedProjects) = preSolution
		{4E9635F7-1E96-4C04-8A2A-080AC7B3A537} = {402624D3-7FB6-466D-AECD-2DAEE2162B92}
		{D8A53A61-C425-4B60-B5C0-F49F1FF02DD3} = {02EA681E-C7D8-13C7-8484-4AC65E1B71E8}
		{BD9C4FA4-729D-4782-A9C2-9563BC91A2C0} = {2C5B6BD0-8C86-4CF9-A1D1-8CC2E8B1236D}
		{D07C0B73-63EB-46F7-B830-0A264C371CF4} = {402624D3-7FB6-466D-AECD-2DAEE2162B92}
		{2A4C2252-9D80-4EC0-A3F8-7517188DB64E} = {E2393C3E-A221-4A31-9955-AF82876DEF0B}
		{A72F6BBB-FC2E-46B6-B34A-5EE654361896} = {5CBAF71E-10E6-4489-B495-CA2C0CD50799}
	EndGlobalSection
	GlobalSection(ExtensibilityGlobals) = postSolution
		SolutionGuid = {0F52AA66-8469-4F3E-BA19-7BAB6B141BF1}
	EndGlobalSection
EndGlobal
